
Microsoft Visual Studio Solution File, Format Version 12.00
# Visual Studio 15
VisualStudioVersion = 15.0.26730.16
MinimumVisualStudioVersion = 10.0.40219.1
Project("{FAE04EC0-301F-11D3-BF4B-00C04F79EFBC}") = "DayOfWeek_Stoyan", "DayOfWeek_Stoyan\DayOfWeek_Stoyan.csproj", "{86A9B052-F548-4C44-947E-52A57AD743EF}"
EndProject
Project("{FAE04EC0-301F-11D3-BF4B-00C04F79EFBC}") = "Demo_Stoyan", "Demo_Stoyan\Demo_Stoyan.csproj", "{40DBBDA6-D606-4503-BBB0-DFD33299DD77}"
EndProject
Project("{FAE04EC0-301F-11D3-BF4B-00C04F79EFBC}") = "ReverseAnArrayOfIntegers_Stoyan", "ReverseAnArrayOfIntegers_Stoyan\ReverseAnArrayOfIntegers_Stoyan.csproj", "{B6A0ECD8-7879-4F32-B55B-62BDB2290CB0}"
EndProject
Project("{FAE04EC0-301F-11D3-BF4B-00C04F79EFBC}") = "LastKNumbersSums_Stoyan", "LastKNumbersSums_Stoyan\LastKNumbersSums_Stoyan.csproj", "{FA001A70-4365-4591-936A-EA927C093E3D}"
EndProject
Project("{FAE04EC0-301F-11D3-BF4B-00C04F79EFBC}") = "TripleSum_Stoyan", "TripleSum_Stoyan\TripleSum_Stoyan.csproj", "{C81E47DC-E23C-4DB8-9206-B2A83FAFEC00}"
EndProject
Project("{FAE04EC0-301F-11D3-BF4B-00C04F79EFBC}") = "RoundingNumbersAwayFromZero_Stoyan", "RoundingNumbersAwayFromZero_Stoyan\RoundingNumbersAwayFromZero_Stoyan.csproj", "{44ECF7F7-C1BD-473C-BF24-6DC6BBFDD721}"
EndProject
Project("{FAE04EC0-301F-11D3-BF4B-00C04F79EFBC}") = "RoundingNumbersAwayFromZero2_Stoyan", "RoundingNumbersAwayFromZero2_Stoyan\RoundingNumbersAwayFromZero2_Stoyan.csproj", "{361F8CD4-F08D-4D26-9556-60447BBBD545}"
EndProject
Project("{FAE04EC0-301F-11D3-BF4B-00C04F79EFBC}") = "ReverseArrayOfStrings_Stoyan", "ReverseArrayOfStrings_Stoyan\ReverseArrayOfStrings_Stoyan.csproj", "{8B5E46C1-D5A1-430B-AFE2-E4E073772EEF}"
EndProject
Project("{FAE04EC0-301F-11D3-BF4B-00C04F79EFBC}") = "NewDemo_Stoyan", "NewDemo_Stoyan\NewDemo_Stoyan.csproj", "{A82F2AFE-3F84-45F0-916F-807344FE4976}"
EndProject
Global
	GlobalSection(SolutionConfigurationPlatforms) = preSolution
		Debug|Any CPU = Debug|Any CPU
		Release|Any CPU = Release|Any CPU
	EndGlobalSection
	GlobalSection(ProjectConfigurationPlatforms) = postSolution
		{86A9B052-F548-4C44-947E-52A57AD743EF}.Debug|Any CPU.ActiveCfg = Debug|Any CPU
		{86A9B052-F548-4C44-947E-52A57AD743EF}.Debug|Any CPU.Build.0 = Debug|Any CPU
		{86A9B052-F548-4C44-947E-52A57AD743EF}.Release|Any CPU.ActiveCfg = Release|Any CPU
		{86A9B052-F548-4C44-947E-52A57AD743EF}.Release|Any CPU.Build.0 = Release|Any CPU
		{40DBBDA6-D606-4503-BBB0-DFD33299DD77}.Debug|Any CPU.ActiveCfg = Debug|Any CPU
		{40DBBDA6-D606-4503-BBB0-DFD33299DD77}.Debug|Any CPU.Build.0 = Debug|Any CPU
		{40DBBDA6-D606-4503-BBB0-DFD33299DD77}.Release|Any CPU.ActiveCfg = Release|Any CPU
		{40DBBDA6-D606-4503-BBB0-DFD33299DD77}.Release|Any CPU.Build.0 = Release|Any CPU
		{B6A0ECD8-7879-4F32-B55B-62BDB2290CB0}.Debug|Any CPU.ActiveCfg = Debug|Any CPU
		{B6A0ECD8-7879-4F32-B55B-62BDB2290CB0}.Debug|Any CPU.Build.0 = Debug|Any CPU
		{B6A0ECD8-7879-4F32-B55B-62BDB2290CB0}.Release|Any CPU.ActiveCfg = Release|Any CPU
		{B6A0ECD8-7879-4F32-B55B-62BDB2290CB0}.Release|Any CPU.Build.0 = Release|Any CPU
		{FA001A70-4365-4591-936A-EA927C093E3D}.Debug|Any CPU.ActiveCfg = Debug|Any CPU
		{FA001A70-4365-4591-936A-EA927C093E3D}.Debug|Any CPU.Build.0 = Debug|Any CPU
		{FA001A70-4365-4591-936A-EA927C093E3D}.Release|Any CPU.ActiveCfg = Release|Any CPU
		{FA001A70-4365-4591-936A-EA927C093E3D}.Release|Any CPU.Build.0 = Release|Any CPU
		{C81E47DC-E23C-4DB8-9206-B2A83FAFEC00}.Debug|Any CPU.ActiveCfg = Debug|Any CPU
		{C81E47DC-E23C-4DB8-9206-B2A83FAFEC00}.Debug|Any CPU.Build.0 = Debug|Any CPU
		{C81E47DC-E23C-4DB8-9206-B2A83FAFEC00}.Release|Any CPU.ActiveCfg = Release|Any CPU
		{C81E47DC-E23C-4DB8-9206-B2A83FAFEC00}.Release|Any CPU.Build.0 = Release|Any CPU
		{44ECF7F7-C1BD-473C-BF24-6DC6BBFDD721}.Debug|Any CPU.ActiveCfg = Debug|Any CPU
		{44ECF7F7-C1BD-473C-BF24-6DC6BBFDD721}.Debug|Any CPU.Build.0 = Debug|Any CPU
		{44ECF7F7-C1BD-473C-BF24-6DC6BBFDD721}.Release|Any CPU.ActiveCfg = Release|Any CPU
		{44ECF7F7-C1BD-473C-BF24-6DC6BBFDD721}.Release|Any CPU.Build.0 = Release|Any CPU
		{361F8CD4-F08D-4D26-9556-60447BBBD545}.Debug|Any CPU.ActiveCfg = Debug|Any CPU
		{361F8CD4-F08D-4D26-9556-60447BBBD545}.Debug|Any CPU.Build.0 = Debug|Any CPU
		{361F8CD4-F08D-4D26-9556-60447BBBD545}.Release|Any CPU.ActiveCfg = Release|Any CPU
		{361F8CD4-F08D-4D26-9556-60447BBBD545}.Release|Any CPU.Build.0 = Release|Any CPU
		{8B5E46C1-D5A1-430B-AFE2-E4E073772EEF}.Debug|Any CPU.ActiveCfg = Debug|Any CPU
		{8B5E46C1-D5A1-430B-AFE2-E4E073772EEF}.Debug|Any CPU.Build.0 = Debug|Any CPU
		{8B5E46C1-D5A1-430B-AFE2-E4E073772EEF}.Release|Any CPU.ActiveCfg = Release|Any CPU
		{8B5E46C1-D5A1-430B-AFE2-E4E073772EEF}.Release|Any CPU.Build.0 = Release|Any CPU
		{A82F2AFE-3F84-45F0-916F-807344FE4976}.Debug|Any CPU.ActiveCfg = Debug|Any CPU
		{A82F2AFE-3F84-45F0-916F-807344FE4976}.Debug|Any CPU.Build.0 = Debug|Any CPU
		{A82F2AFE-3F84-45F0-916F-807344FE4976}.Release|Any CPU.ActiveCfg = Release|Any CPU
		{A82F2AFE-3F84-45F0-916F-807344FE4976}.Release|Any CPU.Build.0 = Release|Any CPU
	EndGlobalSection
	GlobalSection(SolutionProperties) = preSolution
		HideSolutionNode = FALSE
	EndGlobalSection
	GlobalSection(ExtensibilityGlobals) = postSolution
		SolutionGuid = {E73C3076-260A-4458-AE3B-24F9753B118C}
	EndGlobalSection
EndGlobal
