
Microsoft Visual Studio Solution File, Format Version 12.00
# Visual Studio 15
VisualStudioVersion = 15.0.26730.16
MinimumVisualStudioVersion = 10.0.40219.1
Project("{FAE04EC0-301F-11D3-BF4B-00C04F79EFBC}") = "PracticeIntegerNumbers_Stoyan", "PracticeIntegerNumbers\PracticeIntegerNumbers_Stoyan.csproj", "{9D4BD87F-1C8D-44FA-AF86-08DCF62B221B}"
EndProject
Project("{FAE04EC0-301F-11D3-BF4B-00C04F79EFBC}") = "PracticeFloatingPointNumbers_Stoyan", "PracticeFloatingPointNumbers_Stoyan\PracticeFloatingPointNumbers_Stoyan.csproj", "{82D487E1-D0E2-49E3-B5E3-163A3491FE2B}"
EndProject
Project("{FAE04EC0-301F-11D3-BF4B-00C04F79EFBC}") = "PracticeCharactersAndStrings_Stoyan", "PracticeCharactersAndStrings_Stoyan\PracticeCharactersAndStrings_Stoyan.csproj", "{4B12B083-E385-4535-99B8-DAC8C8AE2743}"
EndProject
Project("{FAE04EC0-301F-11D3-BF4B-00C04F79EFBC}") = "VariableInHexFormat_Stoyan", "VariableInHexFormat_Stoyan\VariableInHexFormat_Stoyan.csproj", "{A0CC815D-8FD6-49BB-944F-D8C67B503942}"
EndProject
Project("{FAE04EC0-301F-11D3-BF4B-00C04F79EFBC}") = "BooleanVariable_Stoyan", "BooleanVariable_Stoyan\BooleanVariable_Stoyan.csproj", "{3988E871-7B0F-444D-BB6A-CDDFF5697719}"
EndProject
Project("{FAE04EC0-301F-11D3-BF4B-00C04F79EFBC}") = "StringsAndObjects_Stoyan", "StringsAndObjects_Stoyan\StringsAndObjects_Stoyan.csproj", "{DE94E14A-805C-4CCF-88D0-A41FB512451C}"
EndProject
Project("{FAE04EC0-301F-11D3-BF4B-00C04F79EFBC}") = "ExchangeVariableValues_Stoyan", "ExchangeVariableValues_Stoyan\ExchangeVariableValues_Stoyan.csproj", "{A77D4B69-F613-4D76-8F7D-1E45230D8BE3}"
EndProject
Project("{FAE04EC0-301F-11D3-BF4B-00C04F79EFBC}") = "EmployeeData_Stoyan", "EmployeeData_Stoyan\EmployeeData_Stoyan.csproj", "{A7BEEC44-F4E4-4FBF-9AFA-77BE0E95C83D}"
EndProject
Project("{FAE04EC0-301F-11D3-BF4B-00C04F79EFBC}") = "ReverseCharacters_Stoyan", "ReverseCharacters_Stoyan\ReverseCharacters_Stoyan.csproj", "{38648FE8-F385-4AF9-A914-EDB0C9ED0991}"
EndProject
Project("{FAE04EC0-301F-11D3-BF4B-00C04F79EFBC}") = "CenturiesToNanoseconds_Stoyan", "CenturiesToNanoseconds_Stoyan\CenturiesToNanoseconds_Stoyan.csproj", "{B31D9CFA-2DB5-4193-AEC4-6CFA259BA34F}"
EndProject
Project("{FAE04EC0-301F-11D3-BF4B-00C04F79EFBC}") = "ConvertSpeedUnits_Stoyan", "ConvertSpeedUnits_Stoyan\ConvertSpeedUnits_Stoyan.csproj", "{62D0D2A6-7DB7-43BD-85E6-666B53E74E21}"
EndProject
Project("{FAE04EC0-301F-11D3-BF4B-00C04F79EFBC}") = "RectangleProperties_Stoyan", "RectangleProperties_Stoyan\RectangleProperties_Stoyan.csproj", "{C5B597D9-6F0F-4103-A1AA-A8AE9B40A0F5}"
EndProject
Project("{FAE04EC0-301F-11D3-BF4B-00C04F79EFBC}") = "VowelOrDigit_Stoyan", "VowelOrDigit_Stoyan\VowelOrDigit_Stoyan.csproj", "{6F254E98-CBD3-4A8E-BA9F-D1A9238D8E79}"
EndProject
Project("{FAE04EC0-301F-11D3-BF4B-00C04F79EFBC}") = "IntegerToHexAndBinary_Stoyan", "IntegerToHexAndBinary\IntegerToHexAndBinary_Stoyan.csproj", "{D952C7CB-E7E6-4FC9-A88A-5A031D472F17}"
EndProject
Project("{FAE04EC0-301F-11D3-BF4B-00C04F79EFBC}") = "FastPrimeCheckerRefactor_Stoyan", "FastPrimeCheckerRefactor_Stoyan\FastPrimeCheckerRefactor_Stoyan.csproj", "{5F53B4D8-5169-4A5B-8BE8-247374FBA6DA}"
EndProject
Project("{FAE04EC0-301F-11D3-BF4B-00C04F79EFBC}") = "ComparingFloats_Stoyan", "ComparingFloats_Stoyan\ComparingFloats_Stoyan.csproj", "{B528CB5C-6664-4848-98D7-CA9ECEB8A92A}"
EndProject
Project("{FAE04EC0-301F-11D3-BF4B-00C04F79EFBC}") = "PrintPartOfTheASCIITable_Stoyan", "PrintPartOfTheASCIITable_Stoyan\PrintPartOfTheASCIITable_Stoyan.csproj", "{A3210662-3582-44A3-9F82-9C0547782310}"
EndProject
Project("{FAE04EC0-301F-11D3-BF4B-00C04F79EFBC}") = "DifferentIntegersSize_Stoyan", "DifferentIntegersSize_Stoyan\DifferentIntegersSize_Stoyan.csproj", "{CE15B86F-D924-4FF2-A725-69384BDB22E7}"
EndProject
Project("{FAE04EC0-301F-11D3-BF4B-00C04F79EFBC}") = "TheaThePhotographer_Stoyan", "TheaThePhotographer_Stoyan\TheaThePhotographer_Stoyan.csproj", "{6C8ADD8B-66B1-486B-BB9E-776E9299ADD9}"
EndProject
Global
	GlobalSection(SolutionConfigurationPlatforms) = preSolution
		Debug|Any CPU = Debug|Any CPU
		Release|Any CPU = Release|Any CPU
	EndGlobalSection
	GlobalSection(ProjectConfigurationPlatforms) = postSolution
		{9D4BD87F-1C8D-44FA-AF86-08DCF62B221B}.Debug|Any CPU.ActiveCfg = Debug|Any CPU
		{9D4BD87F-1C8D-44FA-AF86-08DCF62B221B}.Debug|Any CPU.Build.0 = Debug|Any CPU
		{9D4BD87F-1C8D-44FA-AF86-08DCF62B221B}.Release|Any CPU.ActiveCfg = Release|Any CPU
		{9D4BD87F-1C8D-44FA-AF86-08DCF62B221B}.Release|Any CPU.Build.0 = Release|Any CPU
		{82D487E1-D0E2-49E3-B5E3-163A3491FE2B}.Debug|Any CPU.ActiveCfg = Debug|Any CPU
		{82D487E1-D0E2-49E3-B5E3-163A3491FE2B}.Debug|Any CPU.Build.0 = Debug|Any CPU
		{82D487E1-D0E2-49E3-B5E3-163A3491FE2B}.Release|Any CPU.ActiveCfg = Release|Any CPU
		{82D487E1-D0E2-49E3-B5E3-163A3491FE2B}.Release|Any CPU.Build.0 = Release|Any CPU
		{4B12B083-E385-4535-99B8-DAC8C8AE2743}.Debug|Any CPU.ActiveCfg = Debug|Any CPU
		{4B12B083-E385-4535-99B8-DAC8C8AE2743}.Debug|Any CPU.Build.0 = Debug|Any CPU
		{4B12B083-E385-4535-99B8-DAC8C8AE2743}.Release|Any CPU.ActiveCfg = Release|Any CPU
		{4B12B083-E385-4535-99B8-DAC8C8AE2743}.Release|Any CPU.Build.0 = Release|Any CPU
		{A0CC815D-8FD6-49BB-944F-D8C67B503942}.Debug|Any CPU.ActiveCfg = Debug|Any CPU
		{A0CC815D-8FD6-49BB-944F-D8C67B503942}.Debug|Any CPU.Build.0 = Debug|Any CPU
		{A0CC815D-8FD6-49BB-944F-D8C67B503942}.Release|Any CPU.ActiveCfg = Release|Any CPU
		{A0CC815D-8FD6-49BB-944F-D8C67B503942}.Release|Any CPU.Build.0 = Release|Any CPU
		{3988E871-7B0F-444D-BB6A-CDDFF5697719}.Debug|Any CPU.ActiveCfg = Debug|Any CPU
		{3988E871-7B0F-444D-BB6A-CDDFF5697719}.Debug|Any CPU.Build.0 = Debug|Any CPU
		{3988E871-7B0F-444D-BB6A-CDDFF5697719}.Release|Any CPU.ActiveCfg = Release|Any CPU
		{3988E871-7B0F-444D-BB6A-CDDFF5697719}.Release|Any CPU.Build.0 = Release|Any CPU
		{DE94E14A-805C-4CCF-88D0-A41FB512451C}.Debug|Any CPU.ActiveCfg = Debug|Any CPU
		{DE94E14A-805C-4CCF-88D0-A41FB512451C}.Debug|Any CPU.Build.0 = Debug|Any CPU
		{DE94E14A-805C-4CCF-88D0-A41FB512451C}.Release|Any CPU.ActiveCfg = Release|Any CPU
		{DE94E14A-805C-4CCF-88D0-A41FB512451C}.Release|Any CPU.Build.0 = Release|Any CPU
		{A77D4B69-F613-4D76-8F7D-1E45230D8BE3}.Debug|Any CPU.ActiveCfg = Debug|Any CPU
		{A77D4B69-F613-4D76-8F7D-1E45230D8BE3}.Debug|Any CPU.Build.0 = Debug|Any CPU
		{A77D4B69-F613-4D76-8F7D-1E45230D8BE3}.Release|Any CPU.ActiveCfg = Release|Any CPU
		{A77D4B69-F613-4D76-8F7D-1E45230D8BE3}.Release|Any CPU.Build.0 = Release|Any CPU
		{A7BEEC44-F4E4-4FBF-9AFA-77BE0E95C83D}.Debug|Any CPU.ActiveCfg = Debug|Any CPU
		{A7BEEC44-F4E4-4FBF-9AFA-77BE0E95C83D}.Debug|Any CPU.Build.0 = Debug|Any CPU
		{A7BEEC44-F4E4-4FBF-9AFA-77BE0E95C83D}.Release|Any CPU.ActiveCfg = Release|Any CPU
		{A7BEEC44-F4E4-4FBF-9AFA-77BE0E95C83D}.Release|Any CPU.Build.0 = Release|Any CPU
		{38648FE8-F385-4AF9-A914-EDB0C9ED0991}.Debug|Any CPU.ActiveCfg = Debug|Any CPU
		{38648FE8-F385-4AF9-A914-EDB0C9ED0991}.Debug|Any CPU.Build.0 = Debug|Any CPU
		{38648FE8-F385-4AF9-A914-EDB0C9ED0991}.Release|Any CPU.ActiveCfg = Release|Any CPU
		{38648FE8-F385-4AF9-A914-EDB0C9ED0991}.Release|Any CPU.Build.0 = Release|Any CPU
		{B31D9CFA-2DB5-4193-AEC4-6CFA259BA34F}.Debug|Any CPU.ActiveCfg = Debug|Any CPU
		{B31D9CFA-2DB5-4193-AEC4-6CFA259BA34F}.Debug|Any CPU.Build.0 = Debug|Any CPU
		{B31D9CFA-2DB5-4193-AEC4-6CFA259BA34F}.Release|Any CPU.ActiveCfg = Release|Any CPU
		{B31D9CFA-2DB5-4193-AEC4-6CFA259BA34F}.Release|Any CPU.Build.0 = Release|Any CPU
		{62D0D2A6-7DB7-43BD-85E6-666B53E74E21}.Debug|Any CPU.ActiveCfg = Debug|Any CPU
		{62D0D2A6-7DB7-43BD-85E6-666B53E74E21}.Debug|Any CPU.Build.0 = Debug|Any CPU
		{62D0D2A6-7DB7-43BD-85E6-666B53E74E21}.Release|Any CPU.ActiveCfg = Release|Any CPU
		{62D0D2A6-7DB7-43BD-85E6-666B53E74E21}.Release|Any CPU.Build.0 = Release|Any CPU
		{C5B597D9-6F0F-4103-A1AA-A8AE9B40A0F5}.Debug|Any CPU.ActiveCfg = Debug|Any CPU
		{C5B597D9-6F0F-4103-A1AA-A8AE9B40A0F5}.Debug|Any CPU.Build.0 = Debug|Any CPU
		{C5B597D9-6F0F-4103-A1AA-A8AE9B40A0F5}.Release|Any CPU.ActiveCfg = Release|Any CPU
		{C5B597D9-6F0F-4103-A1AA-A8AE9B40A0F5}.Release|Any CPU.Build.0 = Release|Any CPU
		{6F254E98-CBD3-4A8E-BA9F-D1A9238D8E79}.Debug|Any CPU.ActiveCfg = Debug|Any CPU
		{6F254E98-CBD3-4A8E-BA9F-D1A9238D8E79}.Debug|Any CPU.Build.0 = Debug|Any CPU
		{6F254E98-CBD3-4A8E-BA9F-D1A9238D8E79}.Release|Any CPU.ActiveCfg = Release|Any CPU
		{6F254E98-CBD3-4A8E-BA9F-D1A9238D8E79}.Release|Any CPU.Build.0 = Release|Any CPU
		{D952C7CB-E7E6-4FC9-A88A-5A031D472F17}.Debug|Any CPU.ActiveCfg = Debug|Any CPU
		{D952C7CB-E7E6-4FC9-A88A-5A031D472F17}.Debug|Any CPU.Build.0 = Debug|Any CPU
		{D952C7CB-E7E6-4FC9-A88A-5A031D472F17}.Release|Any CPU.ActiveCfg = Release|Any CPU
		{D952C7CB-E7E6-4FC9-A88A-5A031D472F17}.Release|Any CPU.Build.0 = Release|Any CPU
		{5F53B4D8-5169-4A5B-8BE8-247374FBA6DA}.Debug|Any CPU.ActiveCfg = Debug|Any CPU
		{5F53B4D8-5169-4A5B-8BE8-247374FBA6DA}.Debug|Any CPU.Build.0 = Debug|Any CPU
		{5F53B4D8-5169-4A5B-8BE8-247374FBA6DA}.Release|Any CPU.ActiveCfg = Release|Any CPU
		{5F53B4D8-5169-4A5B-8BE8-247374FBA6DA}.Release|Any CPU.Build.0 = Release|Any CPU
		{B528CB5C-6664-4848-98D7-CA9ECEB8A92A}.Debug|Any CPU.ActiveCfg = Debug|Any CPU
		{B528CB5C-6664-4848-98D7-CA9ECEB8A92A}.Debug|Any CPU.Build.0 = Debug|Any CPU
		{B528CB5C-6664-4848-98D7-CA9ECEB8A92A}.Release|Any CPU.ActiveCfg = Release|Any CPU
		{B528CB5C-6664-4848-98D7-CA9ECEB8A92A}.Release|Any CPU.Build.0 = Release|Any CPU
		{A3210662-3582-44A3-9F82-9C0547782310}.Debug|Any CPU.ActiveCfg = Debug|Any CPU
		{A3210662-3582-44A3-9F82-9C0547782310}.Debug|Any CPU.Build.0 = Debug|Any CPU
		{A3210662-3582-44A3-9F82-9C0547782310}.Release|Any CPU.ActiveCfg = Release|Any CPU
		{A3210662-3582-44A3-9F82-9C0547782310}.Release|Any CPU.Build.0 = Release|Any CPU
		{CE15B86F-D924-4FF2-A725-69384BDB22E7}.Debug|Any CPU.ActiveCfg = Debug|Any CPU
		{CE15B86F-D924-4FF2-A725-69384BDB22E7}.Debug|Any CPU.Build.0 = Debug|Any CPU
		{CE15B86F-D924-4FF2-A725-69384BDB22E7}.Release|Any CPU.ActiveCfg = Release|Any CPU
		{CE15B86F-D924-4FF2-A725-69384BDB22E7}.Release|Any CPU.Build.0 = Release|Any CPU
		{6C8ADD8B-66B1-486B-BB9E-776E9299ADD9}.Debug|Any CPU.ActiveCfg = Debug|Any CPU
		{6C8ADD8B-66B1-486B-BB9E-776E9299ADD9}.Debug|Any CPU.Build.0 = Debug|Any CPU
		{6C8ADD8B-66B1-486B-BB9E-776E9299ADD9}.Release|Any CPU.ActiveCfg = Release|Any CPU
		{6C8ADD8B-66B1-486B-BB9E-776E9299ADD9}.Release|Any CPU.Build.0 = Release|Any CPU
	EndGlobalSection
	GlobalSection(SolutionProperties) = preSolution
		HideSolutionNode = FALSE
	EndGlobalSection
	GlobalSection(ExtensibilityGlobals) = postSolution
		SolutionGuid = {FAE4BB22-4F86-465F-A5CE-C707A7D5C7D7}
	EndGlobalSection
EndGlobal
